{
  "version": 4,
  "terraform_version": "1.9.0",
  "serial": 400,
  "lineage": "6731ad95-f463-1d7b-5754-2b7eba28ff3f",
  "outputs": {},
  "resources": [
    {
      "mode": "data",
      "type": "template_file",
      "name": "user_data",
      "provider": "provider[\"registry.terraform.io/hashicorp/template\"]",
      "instances": [
        {
          "schema_version": 0,
          "attributes": {
            "filename": null,
            "id": "0c060070d8d6dc8e4056f09f48bddcdde5a917e33a195f1117095cca7baf42d2",
            "rendered": "#!/bin/bash\n\nset -e  # Interrompe o script em caso de erro\n\necho \"🔹 Atualizando pacotes e instalando dependências...\"\napt-get update -y\napt-get install -y apt-transport-https ca-certificates curl software-properties-common gnupg lsb-release ufw git vim\n\necho \"🔹 Adicionando chave GPG e repositório oficial do Docker...\"\ncurl -fsSL https://download.docker.com/linux/ubuntu/gpg | apt-key add -\nadd-apt-repository \"deb [arch=amd64] https://download.docker.com/linux/ubuntu $(lsb_release -cs) stable\"\n\necho \"🔹 Instalando Docker e Docker Compose...\"\napt-get update -y\napt-get install -y docker-ce docker-ce-cli containerd.io docker-compose-plugin\n\necho \"🔹 Iniciando e habilitando o Docker...\"\nsystemctl start docker\nsystemctl enable docker\n\necho \"🔹 Criando grupo 'docker' e ajustando permissões...\"\nif ! getent group docker \u003e /dev/null; then\n  groupadd docker\nfi\nusermod -aG docker ubuntu\nchmod 666 /var/run/docker.sock\n\necho \"🔹 Reiniciando o Docker...\"\nsystemctl restart docker\n\necho \"✅ Instalação concluída!\"\n",
            "template": "#!/bin/bash\n\nset -e  # Interrompe o script em caso de erro\n\necho \"🔹 Atualizando pacotes e instalando dependências...\"\napt-get update -y\napt-get install -y apt-transport-https ca-certificates curl software-properties-common gnupg lsb-release ufw git vim\n\necho \"🔹 Adicionando chave GPG e repositório oficial do Docker...\"\ncurl -fsSL https://download.docker.com/linux/ubuntu/gpg | apt-key add -\nadd-apt-repository \"deb [arch=amd64] https://download.docker.com/linux/ubuntu $(lsb_release -cs) stable\"\n\necho \"🔹 Instalando Docker e Docker Compose...\"\napt-get update -y\napt-get install -y docker-ce docker-ce-cli containerd.io docker-compose-plugin\n\necho \"🔹 Iniciando e habilitando o Docker...\"\nsystemctl start docker\nsystemctl enable docker\n\necho \"🔹 Criando grupo 'docker' e ajustando permissões...\"\nif ! getent group docker \u003e /dev/null; then\n  groupadd docker\nfi\nusermod -aG docker ubuntu\nchmod 666 /var/run/docker.sock\n\necho \"🔹 Reiniciando o Docker...\"\nsystemctl restart docker\n\necho \"✅ Instalação concluída!\"\n",
            "vars": null
          },
          "sensitive_attributes": []
        }
      ]
    },
    {
      "mode": "managed",
      "type": "aws_internet_gateway",
      "name": "main",
      "provider": "provider[\"registry.terraform.io/hashicorp/aws\"]",
      "instances": [
        {
          "schema_version": 0,
          "attributes": {
            "arn": "arn:aws:ec2:sa-east-1:906404346631:internet-gateway/igw-05b5da2173a1de351",
            "id": "igw-05b5da2173a1de351",
            "owner_id": "906404346631",
            "tags": {
              "Name": "MyInternetGateway"
            },
            "tags_all": {
              "Name": "MyInternetGateway"
            },
            "timeouts": null,
            "vpc_id": "vpc-0983cbe74ecf226e3"
          },
          "sensitive_attributes": [],
          "private": "eyJlMmJmYjczMC1lY2FhLTExZTYtOGY4OC0zNDM2M2JjN2M0YzAiOnsiY3JlYXRlIjoxMjAwMDAwMDAwMDAwLCJkZWxldGUiOjEyMDAwMDAwMDAwMDAsInVwZGF0ZSI6MTIwMDAwMDAwMDAwMH19",
          "dependencies": [
            "aws_vpc.main"
          ]
        }
      ]
    },
    {
      "mode": "managed",
      "type": "aws_route_table",
      "name": "main",
      "provider": "provider[\"registry.terraform.io/hashicorp/aws\"]",
      "instances": [
        {
          "schema_version": 0,
          "attributes": {
            "arn": "arn:aws:ec2:sa-east-1:906404346631:route-table/rtb-02d426d0b9e0af6e5",
            "id": "rtb-02d426d0b9e0af6e5",
            "owner_id": "906404346631",
            "propagating_vgws": [],
            "route": [
              {
                "carrier_gateway_id": "",
                "cidr_block": "0.0.0.0/0",
                "core_network_arn": "",
                "destination_prefix_list_id": "",
                "egress_only_gateway_id": "",
                "gateway_id": "igw-05b5da2173a1de351",
                "ipv6_cidr_block": "",
                "local_gateway_id": "",
                "nat_gateway_id": "",
                "network_interface_id": "",
                "transit_gateway_id": "",
                "vpc_endpoint_id": "",
                "vpc_peering_connection_id": ""
              }
            ],
            "tags": {
              "Name": "MyRouteTable"
            },
            "tags_all": {
              "Name": "MyRouteTable"
            },
            "timeouts": null,
            "vpc_id": "vpc-0983cbe74ecf226e3"
          },
          "sensitive_attributes": [],
          "private": "eyJlMmJmYjczMC1lY2FhLTExZTYtOGY4OC0zNDM2M2JjN2M0YzAiOnsiY3JlYXRlIjozMDAwMDAwMDAwMDAsImRlbGV0ZSI6MzAwMDAwMDAwMDAwLCJ1cGRhdGUiOjEyMDAwMDAwMDAwMH19",
          "dependencies": [
            "aws_internet_gateway.main",
            "aws_vpc.main"
          ]
        }
      ]
    },
    {
      "mode": "managed",
      "type": "aws_route_table_association",
      "name": "main",
      "provider": "provider[\"registry.terraform.io/hashicorp/aws\"]",
      "instances": [
        {
          "schema_version": 0,
          "attributes": {
            "gateway_id": "",
            "id": "rtbassoc-018156b8da46a7159",
            "route_table_id": "rtb-02d426d0b9e0af6e5",
            "subnet_id": "subnet-0d22f125c4f12d266",
            "timeouts": null
          },
          "sensitive_attributes": [],
          "private": "eyJlMmJmYjczMC1lY2FhLTExZTYtOGY4OC0zNDM2M2JjN2M0YzAiOnsiY3JlYXRlIjozMDAwMDAwMDAwMDAsImRlbGV0ZSI6MzAwMDAwMDAwMDAwLCJ1cGRhdGUiOjEyMDAwMDAwMDAwMH19",
          "dependencies": [
            "aws_internet_gateway.main",
            "aws_route_table.main",
            "aws_subnet.main",
            "aws_vpc.main"
          ]
        }
      ]
    },
    {
      "mode": "managed",
      "type": "aws_security_group",
      "name": "main",
      "provider": "provider[\"registry.terraform.io/hashicorp/aws\"]",
      "instances": [
        {
          "schema_version": 1,
          "attributes": {
            "arn": "arn:aws:ec2:sa-east-1:906404346631:security-group/sg-0b424aef03150c9e7",
            "description": "Allow SSH and grafana access",
            "egress": [
              {
                "cidr_blocks": [
                  "0.0.0.0/0"
                ],
                "description": "Allow all outbound traffic",
                "from_port": 0,
                "ipv6_cidr_blocks": [],
                "prefix_list_ids": [],
                "protocol": "-1",
                "security_groups": [],
                "self": false,
                "to_port": 0
              }
            ],
            "id": "sg-0b424aef03150c9e7",
            "ingress": [
              {
                "cidr_blocks": [
                  "0.0.0.0/0"
                ],
                "description": "Allow SSH",
                "from_port": 22,
                "ipv6_cidr_blocks": [],
                "prefix_list_ids": [],
                "protocol": "tcp",
                "security_groups": [],
                "self": false,
                "to_port": 22
              },
              {
                "cidr_blocks": [
                  "0.0.0.0/0"
                ],
                "description": "Allow grafana Agent Port",
                "from_port": 10051,
                "ipv6_cidr_blocks": [],
                "prefix_list_ids": [],
                "protocol": "tcp",
                "security_groups": [],
                "self": false,
                "to_port": 10051
              },
              {
                "cidr_blocks": [
                  "0.0.0.0/0"
                ],
                "description": "Allow grafana HTTP",
                "from_port": 8080,
                "ipv6_cidr_blocks": [],
                "prefix_list_ids": [],
                "protocol": "tcp",
                "security_groups": [],
                "self": false,
                "to_port": 8080
              },
              {
                "cidr_blocks": [
                  "0.0.0.0/0"
                ],
                "description": "Allow grafana Web Port",
                "from_port": 8081,
                "ipv6_cidr_blocks": [],
                "prefix_list_ids": [],
                "protocol": "tcp",
                "security_groups": [],
                "self": false,
                "to_port": 8081
              }
            ],
            "name": "grafana-sg",
            "name_prefix": "",
            "owner_id": "906404346631",
            "revoke_rules_on_delete": false,
            "tags": {
              "Name": "GrafanaSecurityGroup"
            },
            "tags_all": {
              "Name": "GrafanaSecurityGroup"
            },
            "timeouts": null,
            "vpc_id": "vpc-0983cbe74ecf226e3"
          },
          "sensitive_attributes": [],
          "private": "eyJlMmJmYjczMC1lY2FhLTExZTYtOGY4OC0zNDM2M2JjN2M0YzAiOnsiY3JlYXRlIjo2MDAwMDAwMDAwMDAsImRlbGV0ZSI6OTAwMDAwMDAwMDAwfSwic2NoZW1hX3ZlcnNpb24iOiIxIn0=",
          "dependencies": [
            "aws_vpc.main"
          ]
        }
      ]
    },
    {
      "mode": "managed",
      "type": "aws_subnet",
      "name": "main",
      "provider": "provider[\"registry.terraform.io/hashicorp/aws\"]",
      "instances": [
        {
          "schema_version": 1,
          "attributes": {
            "arn": "arn:aws:ec2:sa-east-1:906404346631:subnet/subnet-0d22f125c4f12d266",
            "assign_ipv6_address_on_creation": false,
            "availability_zone": "sa-east-1a",
            "availability_zone_id": "sae1-az1",
            "cidr_block": "10.0.1.0/24",
            "customer_owned_ipv4_pool": "",
            "enable_dns64": false,
            "enable_lni_at_device_index": 0,
            "enable_resource_name_dns_a_record_on_launch": false,
            "enable_resource_name_dns_aaaa_record_on_launch": false,
            "id": "subnet-0d22f125c4f12d266",
            "ipv6_cidr_block": "",
            "ipv6_cidr_block_association_id": "",
            "ipv6_native": false,
            "map_customer_owned_ip_on_launch": false,
            "map_public_ip_on_launch": true,
            "outpost_arn": "",
            "owner_id": "906404346631",
            "private_dns_hostname_type_on_launch": "ip-name",
            "tags": {
              "Name": "MyTerraformSubnet"
            },
            "tags_all": {
              "Name": "MyTerraformSubnet"
            },
            "timeouts": null,
            "vpc_id": "vpc-0983cbe74ecf226e3"
          },
          "sensitive_attributes": [],
          "private": "eyJlMmJmYjczMC1lY2FhLTExZTYtOGY4OC0zNDM2M2JjN2M0YzAiOnsiY3JlYXRlIjo2MDAwMDAwMDAwMDAsImRlbGV0ZSI6MTIwMDAwMDAwMDAwMH0sInNjaGVtYV92ZXJzaW9uIjoiMSJ9",
          "dependencies": [
            "aws_vpc.main"
          ]
        }
      ]
    },
    {
      "mode": "managed",
      "type": "aws_vpc",
      "name": "main",
      "provider": "provider[\"registry.terraform.io/hashicorp/aws\"]",
      "instances": [
        {
          "schema_version": 1,
          "attributes": {
            "arn": "arn:aws:ec2:sa-east-1:906404346631:vpc/vpc-0983cbe74ecf226e3",
            "assign_generated_ipv6_cidr_block": false,
            "cidr_block": "10.0.0.0/16",
            "default_network_acl_id": "acl-0f6e1c958ba423848",
            "default_route_table_id": "rtb-0bbd5eaeef7066b85",
            "default_security_group_id": "sg-0a396cd6116b97085",
            "dhcp_options_id": "dopt-0b335fb933e014115",
            "enable_dns_hostnames": false,
            "enable_dns_support": true,
            "enable_network_address_usage_metrics": false,
            "id": "vpc-0983cbe74ecf226e3",
            "instance_tenancy": "default",
            "ipv4_ipam_pool_id": null,
            "ipv4_netmask_length": null,
            "ipv6_association_id": "",
            "ipv6_cidr_block": "",
            "ipv6_cidr_block_network_border_group": "",
            "ipv6_ipam_pool_id": "",
            "ipv6_netmask_length": 0,
            "main_route_table_id": "rtb-0bbd5eaeef7066b85",
            "owner_id": "906404346631",
            "tags": {
              "Name": "MyTerraformVPC"
            },
            "tags_all": {
              "Name": "MyTerraformVPC"
            }
          },
          "sensitive_attributes": [],
          "private": "eyJzY2hlbWFfdmVyc2lvbiI6IjEifQ=="
        }
      ]
    }
  ],
  "check_results": null
}
